
Microsoft Visual Studio Solution File, Format Version 12.00
Project("{2150E333-8FDC-42A3-9474-1A3956D46DE8}") = "Core", "Core", "{DC3A30C3-BA6F-4F60-8C0D-7D336BC57286}"
EndProject
Project("{2150E333-8FDC-42A3-9474-1A3956D46DE8}") = "UI", "UI", "{CE52E800-A0D5-476A-BC31-5C484BC75F2B}"
EndProject
Project("{2150E333-8FDC-42A3-9474-1A3956D46DE8}") = "Infrastructure", "Infrastructure", "{606FC0FB-278C-4A0F-B0BF-258E08DAC1D7}"
EndProject
Project("{FAE04EC0-301F-11D3-BF4B-00C04F79EFBC}") = "PetShop.UI", "PetShop.UI\PetShop.UI.csproj", "{327C7E4B-3E53-4986-8FA0-D16AF28DAB1E}"
EndProject
Project("{FAE04EC0-301F-11D3-BF4B-00C04F79EFBC}") = "PetShop.Infrastructure", "PetShop.Infrastructure\PetShop.Infrastructure.csproj", "{B53E56C1-0DE3-4AB1-9207-71165818C62E}"
EndProject
Project("{FAE04EC0-301F-11D3-BF4B-00C04F79EFBC}") = "PetShop.SQL", "PetShop.SQL\PetShop.SQL.csproj", "{A3E0B7AB-92A5-4FF2-9BAA-450123FCAC3A}"
EndProject
Project("{FAE04EC0-301F-11D3-BF4B-00C04F79EFBC}") = "PetShop.Core", "PetShop.Core\PetShop.Core.csproj", "{C7F50816-EBC1-43F5-A412-92722F73F4D7}"
EndProject
Project("{FAE04EC0-301F-11D3-BF4B-00C04F79EFBC}") = "PetShop.Domain", "PetShop.Domain\PetShop.Domain.csproj", "{CEFC54BF-047A-429A-958C-3ECF2A877193}"
EndProject
Global
	GlobalSection(SolutionConfigurationPlatforms) = preSolution
		Debug|Any CPU = Debug|Any CPU
		Release|Any CPU = Release|Any CPU
	EndGlobalSection
	GlobalSection(ProjectConfigurationPlatforms) = postSolution
		{327C7E4B-3E53-4986-8FA0-D16AF28DAB1E}.Debug|Any CPU.ActiveCfg = Debug|Any CPU
		{327C7E4B-3E53-4986-8FA0-D16AF28DAB1E}.Debug|Any CPU.Build.0 = Debug|Any CPU
		{327C7E4B-3E53-4986-8FA0-D16AF28DAB1E}.Release|Any CPU.ActiveCfg = Release|Any CPU
		{327C7E4B-3E53-4986-8FA0-D16AF28DAB1E}.Release|Any CPU.Build.0 = Release|Any CPU
		{B53E56C1-0DE3-4AB1-9207-71165818C62E}.Debug|Any CPU.ActiveCfg = Debug|Any CPU
		{B53E56C1-0DE3-4AB1-9207-71165818C62E}.Debug|Any CPU.Build.0 = Debug|Any CPU
		{B53E56C1-0DE3-4AB1-9207-71165818C62E}.Release|Any CPU.ActiveCfg = Release|Any CPU
		{B53E56C1-0DE3-4AB1-9207-71165818C62E}.Release|Any CPU.Build.0 = Release|Any CPU
		{A3E0B7AB-92A5-4FF2-9BAA-450123FCAC3A}.Debug|Any CPU.ActiveCfg = Debug|Any CPU
		{A3E0B7AB-92A5-4FF2-9BAA-450123FCAC3A}.Debug|Any CPU.Build.0 = Debug|Any CPU
		{A3E0B7AB-92A5-4FF2-9BAA-450123FCAC3A}.Release|Any CPU.ActiveCfg = Release|Any CPU
		{A3E0B7AB-92A5-4FF2-9BAA-450123FCAC3A}.Release|Any CPU.Build.0 = Release|Any CPU
		{C7F50816-EBC1-43F5-A412-92722F73F4D7}.Debug|Any CPU.ActiveCfg = Debug|Any CPU
		{C7F50816-EBC1-43F5-A412-92722F73F4D7}.Debug|Any CPU.Build.0 = Debug|Any CPU
		{C7F50816-EBC1-43F5-A412-92722F73F4D7}.Release|Any CPU.ActiveCfg = Release|Any CPU
		{C7F50816-EBC1-43F5-A412-92722F73F4D7}.Release|Any CPU.Build.0 = Release|Any CPU
		{CEFC54BF-047A-429A-958C-3ECF2A877193}.Debug|Any CPU.ActiveCfg = Debug|Any CPU
		{CEFC54BF-047A-429A-958C-3ECF2A877193}.Debug|Any CPU.Build.0 = Debug|Any CPU
		{CEFC54BF-047A-429A-958C-3ECF2A877193}.Release|Any CPU.ActiveCfg = Release|Any CPU
		{CEFC54BF-047A-429A-958C-3ECF2A877193}.Release|Any CPU.Build.0 = Release|Any CPU
	EndGlobalSection
	GlobalSection(NestedProjects) = preSolution
		{327C7E4B-3E53-4986-8FA0-D16AF28DAB1E} = {CE52E800-A0D5-476A-BC31-5C484BC75F2B}
		{B53E56C1-0DE3-4AB1-9207-71165818C62E} = {606FC0FB-278C-4A0F-B0BF-258E08DAC1D7}
		{A3E0B7AB-92A5-4FF2-9BAA-450123FCAC3A} = {606FC0FB-278C-4A0F-B0BF-258E08DAC1D7}
		{C7F50816-EBC1-43F5-A412-92722F73F4D7} = {DC3A30C3-BA6F-4F60-8C0D-7D336BC57286}
		{CEFC54BF-047A-429A-958C-3ECF2A877193} = {DC3A30C3-BA6F-4F60-8C0D-7D336BC57286}
	EndGlobalSection
EndGlobal
